
Microsoft Visual Studio Solution File, Format Version 12.00
# Visual Studio 15
VisualStudioVersion = 15.0.27130.2027
MinimumVisualStudioVersion = 10.0.40219.1
Project("{FAE04EC0-301F-11D3-BF4B-00C04F79EFBC}") = "UnityContainerFilterAttribute", "UnityContainerFilterAttribute\UnityContainerFilterAttribute.csproj", "{AB959BCB-0575-4187-9898-577E63C6F8CC}"
EndProject
Project("{FAE04EC0-301F-11D3-BF4B-00C04F79EFBC}") = "UnityContainerFilterAttribute.Tests", "UnityContainerFilterAttribute.Tests\UnityContainerFilterAttribute.Tests.csproj", "{DF6ADE13-C95A-4F59-9AD5-5BDE74BA4455}"
EndProject
Global
	GlobalSection(SolutionConfigurationPlatforms) = preSolution
		Debug|Any CPU = Debug|Any CPU
		Release|Any CPU = Release|Any CPU
	EndGlobalSection
	GlobalSection(ProjectConfigurationPlatforms) = postSolution
		{AB959BCB-0575-4187-9898-577E63C6F8CC}.Debug|Any CPU.ActiveCfg = Debug|Any CPU
		{AB959BCB-0575-4187-9898-577E63C6F8CC}.Debug|Any CPU.Build.0 = Debug|Any CPU
		{AB959BCB-0575-4187-9898-577E63C6F8CC}.Release|Any CPU.ActiveCfg = Release|Any CPU
		{AB959BCB-0575-4187-9898-577E63C6F8CC}.Release|Any CPU.Build.0 = Release|Any CPU
		{DF6ADE13-C95A-4F59-9AD5-5BDE74BA4455}.Debug|Any CPU.ActiveCfg = Debug|Any CPU
		{DF6ADE13-C95A-4F59-9AD5-5BDE74BA4455}.Debug|Any CPU.Build.0 = Debug|Any CPU
		{DF6ADE13-C95A-4F59-9AD5-5BDE74BA4455}.Release|Any CPU.ActiveCfg = Release|Any CPU
		{DF6ADE13-C95A-4F59-9AD5-5BDE74BA4455}.Release|Any CPU.Build.0 = Release|Any CPU
	EndGlobalSection
	GlobalSection(SolutionProperties) = preSolution
		HideSolutionNode = FALSE
	EndGlobalSection
	GlobalSection(ExtensibilityGlobals) = postSolution
		SolutionGuid = {D3558423-BFB9-483D-8330-737907249CCC}
	EndGlobalSection
EndGlobal
